
Microsoft Visual Studio Solution File, Format Version 12.00
# Visual Studio Version 16
VisualStudioVersion = 16.0.29311.281
MinimumVisualStudioVersion = 10.0.40219.1
Project("{9A19103F-16F7-4668-BE54-9A1E7A4F7556}") = "hw_02_Task1", "hw_02_Task1\hw_02_Task1.csproj", "{F59D5E93-A346-4AEB-98CA-AD49E76A717B}"
EndProject
Project("{FAE04EC0-301F-11D3-BF4B-00C04F79EFBC}") = "HW_02_Task2", "HW_02_Task2\HW_02_Task2.csproj", "{227A6227-D4AD-491A-AF68-64A544D152B2}"
EndProject
Global
	GlobalSection(SolutionConfigurationPlatforms) = preSolution
		Debug|Any CPU = Debug|Any CPU
		Release|Any CPU = Release|Any CPU
	EndGlobalSection
	GlobalSection(ProjectConfigurationPlatforms) = postSolution
		{F59D5E93-A346-4AEB-98CA-AD49E76A717B}.Debug|Any CPU.ActiveCfg = Debug|Any CPU
		{F59D5E93-A346-4AEB-98CA-AD49E76A717B}.Debug|Any CPU.Build.0 = Debug|Any CPU
		{F59D5E93-A346-4AEB-98CA-AD49E76A717B}.Release|Any CPU.ActiveCfg = Release|Any CPU
		{F59D5E93-A346-4AEB-98CA-AD49E76A717B}.Release|Any CPU.Build.0 = Release|Any CPU
		{227A6227-D4AD-491A-AF68-64A544D152B2}.Debug|Any CPU.ActiveCfg = Debug|Any CPU
		{227A6227-D4AD-491A-AF68-64A544D152B2}.Debug|Any CPU.Build.0 = Debug|Any CPU
		{227A6227-D4AD-491A-AF68-64A544D152B2}.Release|Any CPU.ActiveCfg = Release|Any CPU
		{227A6227-D4AD-491A-AF68-64A544D152B2}.Release|Any CPU.Build.0 = Release|Any CPU
	EndGlobalSection
	GlobalSection(SolutionProperties) = preSolution
		HideSolutionNode = FALSE
	EndGlobalSection
	GlobalSection(ExtensibilityGlobals) = postSolution
		SolutionGuid = {F10E2FA8-43B2-4285-A1AC-4F251433E2D2}
	EndGlobalSection
EndGlobal
