
Microsoft Visual Studio Solution File, Format Version 12.00
# Visual Studio Version 16
VisualStudioVersion = 16.0.29319.158
MinimumVisualStudioVersion = 10.0.40219.1
Project("{FAE04EC0-301F-11D3-BF4B-00C04F79EFBC}") = "HW_06_Task2", "HW_06_Task2\HW_06_Task2.csproj", "{27C43B4A-CD9B-481D-B351-1F001FBD6E0D}"
EndProject
Global
	GlobalSection(SolutionConfigurationPlatforms) = preSolution
		Debug|Any CPU = Debug|Any CPU
		Release|Any CPU = Release|Any CPU
	EndGlobalSection
	GlobalSection(ProjectConfigurationPlatforms) = postSolution
		{27C43B4A-CD9B-481D-B351-1F001FBD6E0D}.Debug|Any CPU.ActiveCfg = Debug|Any CPU
		{27C43B4A-CD9B-481D-B351-1F001FBD6E0D}.Debug|Any CPU.Build.0 = Debug|Any CPU
		{27C43B4A-CD9B-481D-B351-1F001FBD6E0D}.Release|Any CPU.ActiveCfg = Release|Any CPU
		{27C43B4A-CD9B-481D-B351-1F001FBD6E0D}.Release|Any CPU.Build.0 = Release|Any CPU
	EndGlobalSection
	GlobalSection(SolutionProperties) = preSolution
		HideSolutionNode = FALSE
	EndGlobalSection
	GlobalSection(ExtensibilityGlobals) = postSolution
		SolutionGuid = {6395ADC4-AF34-4182-A909-C5BD9C7B422F}
	EndGlobalSection
EndGlobal
